
Microsoft Visual Studio Solution File, Format Version 12.00
# Visual Studio Version 16
VisualStudioVersion = 16.0.30204.135
MinimumVisualStudioVersion = 10.0.40219.1
Project("{FAE04EC0-301F-11D3-BF4B-00C04F79EFBC}") = "G1ANT.Addon.QuoraApp", "G1ANT.Addon.QuoraApp.csproj", "{395077E5-D15F-490E-8A5A-35C61BE0ACAE}"
EndProject
Global
	GlobalSection(SolutionConfigurationPlatforms) = preSolution
		Debug|Any CPU = Debug|Any CPU
		Release|Any CPU = Release|Any CPU
	EndGlobalSection
	GlobalSection(ProjectConfigurationPlatforms) = postSolution
		{395077E5-D15F-490E-8A5A-35C61BE0ACAE}.Debug|Any CPU.ActiveCfg = Debug|Any CPU
		{395077E5-D15F-490E-8A5A-35C61BE0ACAE}.Debug|Any CPU.Build.0 = Debug|Any CPU
		{395077E5-D15F-490E-8A5A-35C61BE0ACAE}.Release|Any CPU.ActiveCfg = Release|Any CPU
		{395077E5-D15F-490E-8A5A-35C61BE0ACAE}.Release|Any CPU.Build.0 = Release|Any CPU
	EndGlobalSection
	GlobalSection(SolutionProperties) = preSolution
		HideSolutionNode = FALSE
	EndGlobalSection
	GlobalSection(ExtensibilityGlobals) = postSolution
		SolutionGuid = {F118FA92-E0DA-4F48-A925-1D5B2B156AE7}
	EndGlobalSection
EndGlobal
