
Microsoft Visual Studio Solution File, Format Version 12.00
# Visual Studio Version 16
VisualStudioVersion = 16.0.30204.135
MinimumVisualStudioVersion = 10.0.40219.1
Project("{FAE04EC0-301F-11D3-BF4B-00C04F79EFBC}") = "G1ANT.Addon.InstagramApp", "G1ANT.Addon.InstagramApp.csproj", "{D9996126-9CEB-4F33-B3BC-B44CB644893D}"
EndProject
Global
	GlobalSection(SolutionConfigurationPlatforms) = preSolution
		Debug|Any CPU = Debug|Any CPU
		Release|Any CPU = Release|Any CPU
	EndGlobalSection
	GlobalSection(ProjectConfigurationPlatforms) = postSolution
		{D9996126-9CEB-4F33-B3BC-B44CB644893D}.Debug|Any CPU.ActiveCfg = Debug|Any CPU
		{D9996126-9CEB-4F33-B3BC-B44CB644893D}.Debug|Any CPU.Build.0 = Debug|Any CPU
		{D9996126-9CEB-4F33-B3BC-B44CB644893D}.Release|Any CPU.ActiveCfg = Release|Any CPU
		{D9996126-9CEB-4F33-B3BC-B44CB644893D}.Release|Any CPU.Build.0 = Release|Any CPU
	EndGlobalSection
	GlobalSection(SolutionProperties) = preSolution
		HideSolutionNode = FALSE
	EndGlobalSection
	GlobalSection(ExtensibilityGlobals) = postSolution
		SolutionGuid = {8833D1C4-8051-454D-857B-3A0A09563C28}
	EndGlobalSection
EndGlobal
