
Microsoft Visual Studio Solution File, Format Version 12.00
# Visual Studio Version 16
VisualStudioVersion = 16.0.30309.148
MinimumVisualStudioVersion = 10.0.40219.1
Project("{FAE04EC0-301F-11D3-BF4B-00C04F79EFBC}") = "G1ANT.Addon.medium", "G1ANT.Addon.medium\G1ANT.Addon.medium.csproj", "{3F19C2B4-DD74-4822-93D9-A41F026E07A7}"
EndProject
Global
	GlobalSection(SolutionConfigurationPlatforms) = preSolution
		Debug|Any CPU = Debug|Any CPU
		Release|Any CPU = Release|Any CPU
	EndGlobalSection
	GlobalSection(ProjectConfigurationPlatforms) = postSolution
		{3F19C2B4-DD74-4822-93D9-A41F026E07A7}.Debug|Any CPU.ActiveCfg = Debug|Any CPU
		{3F19C2B4-DD74-4822-93D9-A41F026E07A7}.Debug|Any CPU.Build.0 = Debug|Any CPU
		{3F19C2B4-DD74-4822-93D9-A41F026E07A7}.Release|Any CPU.ActiveCfg = Release|Any CPU
		{3F19C2B4-DD74-4822-93D9-A41F026E07A7}.Release|Any CPU.Build.0 = Release|Any CPU
	EndGlobalSection
	GlobalSection(SolutionProperties) = preSolution
		HideSolutionNode = FALSE
	EndGlobalSection
	GlobalSection(ExtensibilityGlobals) = postSolution
		SolutionGuid = {595D55A4-078C-40BC-889D-7BE689A64A08}
	EndGlobalSection
EndGlobal
